
Microsoft Visual Studio Solution File, Format Version 9.00
# Visual C++ Express 2005
Project("{8BC9CEB8-8B4A-11D0-8D11-00A0C91BC942}") = "areslib", "src\c-ares\vc\areslib\areslib.vcproj", "{B06482E5-1D1B-4444-8BEA-015B162D56C1}"
EndProject
Project("{8BC9CEB8-8B4A-11D0-8D11-00A0C91BC942}") = "sbncloader", "src\sbncloader\sbncloader.vcproj", "{A05311BB-BE6F-485F-AD21-8B76727CF7D9}"
	ProjectSection(ProjectDependencies) = postProject
		{D5505A5E-A22F-4F1A-AE56-FFB46B0E6A85} = {D5505A5E-A22F-4F1A-AE56-FFB46B0E6A85}
	EndProjectSection
EndProject
Project("{8BC9CEB8-8B4A-11D0-8D11-00A0C91BC942}") = "sbnc", "sbnc.vcproj", "{D5505A5E-A22F-4F1A-AE56-FFB46B0E6A85}"
EndProject
Project("{8BC9CEB8-8B4A-11D0-8D11-00A0C91BC942}") = "bnctcl", "bnctcl\tickle.vcproj", "{0D38A9A5-5699-4B9D-9447-1FE1C1E5EBC8}"
	ProjectSection(ProjectDependencies) = postProject
		{D5505A5E-A22F-4F1A-AE56-FFB46B0E6A85} = {D5505A5E-A22F-4F1A-AE56-FFB46B0E6A85}
	EndProjectSection
EndProject
Project("{8BC9CEB8-8B4A-11D0-8D11-00A0C91BC942}") = "uptime", "uptime\uptime.vcproj", "{4E922341-F0E8-453C-91CE-C0D7330D0F7E}"
	ProjectSection(ProjectDependencies) = postProject
		{D5505A5E-A22F-4F1A-AE56-FFB46B0E6A85} = {D5505A5E-A22F-4F1A-AE56-FFB46B0E6A85}
	EndProjectSection
EndProject
Project("{8BC9CEB8-8B4A-11D0-8D11-00A0C91BC942}") = "identd32", "identd32\identd32.vcproj", "{51C360FF-63CC-4F1F-819F-02A8CE4A4E43}"
	ProjectSection(ProjectDependencies) = postProject
		{D5505A5E-A22F-4F1A-AE56-FFB46B0E6A85} = {D5505A5E-A22F-4F1A-AE56-FFB46B0E6A85}
	EndProjectSection
EndProject
Global
	GlobalSection(SolutionConfigurationPlatforms) = preSolution
		Debug|Win32 = Debug|Win32
		Release|Win32 = Release|Win32
	EndGlobalSection
	GlobalSection(ProjectConfigurationPlatforms) = postSolution
		{B06482E5-1D1B-4444-8BEA-015B162D56C1}.Debug|Win32.ActiveCfg = Debug|Win32
		{B06482E5-1D1B-4444-8BEA-015B162D56C1}.Debug|Win32.Build.0 = Debug|Win32
		{B06482E5-1D1B-4444-8BEA-015B162D56C1}.Release|Win32.ActiveCfg = Release|Win32
		{B06482E5-1D1B-4444-8BEA-015B162D56C1}.Release|Win32.Build.0 = Release|Win32
		{A05311BB-BE6F-485F-AD21-8B76727CF7D9}.Debug|Win32.ActiveCfg = Debug|Win32
		{A05311BB-BE6F-485F-AD21-8B76727CF7D9}.Debug|Win32.Build.0 = Debug|Win32
		{A05311BB-BE6F-485F-AD21-8B76727CF7D9}.Release|Win32.ActiveCfg = Release|Win32
		{A05311BB-BE6F-485F-AD21-8B76727CF7D9}.Release|Win32.Build.0 = Release|Win32
		{D5505A5E-A22F-4F1A-AE56-FFB46B0E6A85}.Debug|Win32.ActiveCfg = Debug|Win32
		{D5505A5E-A22F-4F1A-AE56-FFB46B0E6A85}.Debug|Win32.Build.0 = Debug|Win32
		{D5505A5E-A22F-4F1A-AE56-FFB46B0E6A85}.Release|Win32.ActiveCfg = Release|Win32
		{D5505A5E-A22F-4F1A-AE56-FFB46B0E6A85}.Release|Win32.Build.0 = Release|Win32
		{0D38A9A5-5699-4B9D-9447-1FE1C1E5EBC8}.Debug|Win32.ActiveCfg = Debug|Win32
		{0D38A9A5-5699-4B9D-9447-1FE1C1E5EBC8}.Debug|Win32.Build.0 = Debug|Win32
		{0D38A9A5-5699-4B9D-9447-1FE1C1E5EBC8}.Release|Win32.ActiveCfg = Release|Win32
		{0D38A9A5-5699-4B9D-9447-1FE1C1E5EBC8}.Release|Win32.Build.0 = Release|Win32
		{4E922341-F0E8-453C-91CE-C0D7330D0F7E}.Debug|Win32.ActiveCfg = Debug|Win32
		{4E922341-F0E8-453C-91CE-C0D7330D0F7E}.Debug|Win32.Build.0 = Debug|Win32
		{4E922341-F0E8-453C-91CE-C0D7330D0F7E}.Release|Win32.ActiveCfg = Release|Win32
		{4E922341-F0E8-453C-91CE-C0D7330D0F7E}.Release|Win32.Build.0 = Release|Win32
		{51C360FF-63CC-4F1F-819F-02A8CE4A4E43}.Debug|Win32.ActiveCfg = Debug|Win32
		{51C360FF-63CC-4F1F-819F-02A8CE4A4E43}.Debug|Win32.Build.0 = Debug|Win32
		{51C360FF-63CC-4F1F-819F-02A8CE4A4E43}.Release|Win32.ActiveCfg = Release|Win32
		{51C360FF-63CC-4F1F-819F-02A8CE4A4E43}.Release|Win32.Build.0 = Release|Win32
	EndGlobalSection
	GlobalSection(SolutionProperties) = preSolution
		HideSolutionNode = FALSE
	EndGlobalSection
EndGlobal
