<?xml version="1.0" encoding="utf-8"?>
<Project ToolsVersion="4.0" xmlns="http://schemas.microsoft.com/developer/msbuild/2003">
  <ItemGroup>
    <Filter Include="Source Files">
      <UniqueIdentifier>{4e81fa3a-0ec1-4ab5-aa3a-33913ea79a3c}</UniqueIdentifier>
      <Extensions>cpp;c;cxx;rc;def;r;odl;idl;hpj;bat</Extensions>
    </Filter>
    <Filter Include="Header Files">
      <UniqueIdentifier>{1f063b22-c315-4bde-9426-c2306999be92}</UniqueIdentifier>
      <Extensions>h;hpp;hxx;hm;inl</Extensions>
    </Filter>
    <Filter Include="Resource Files">
      <UniqueIdentifier>{d61ba8a6-b2c8-4e35-a80b-fb24b028c19b}</UniqueIdentifier>
      <Extensions>ico;cur;bmp;dlg;rc2;rct;bin;rgs;gif;jpg;jpeg;jpe</Extensions>
    </Filter>
    <Filter Include="Scripts">
      <UniqueIdentifier>{17d1f8b3-ebac-4811-9058-785e981bfa31}</UniqueIdentifier>
    </Filter>
  </ItemGroup>
  <ItemGroup>
    <ClCompile Include="TclClientSocket.cpp">
      <Filter>Source Files</Filter>
    </ClCompile>
    <ClCompile Include="TclSocket.cpp">
      <Filter>Source Files</Filter>
    </ClCompile>
    <ClCompile Include="tickle.cpp">
      <Filter>Source Files</Filter>
    </ClCompile>
    <ClCompile Include="tickleProcs.cpp">
      <Filter>Source Files</Filter>
    </ClCompile>
    <ClCompile Include="tickleProcs_wrap.c">
      <Filter>Source Files</Filter>
    </ClCompile>
  </ItemGroup>
  <ItemGroup>
    <ClInclude Include="StdAfx.h">
      <Filter>Header Files</Filter>
    </ClInclude>
    <ClInclude Include="TclClientSocket.h">
      <Filter>Header Files</Filter>
    </ClInclude>
    <ClInclude Include="TclSocket.h">
      <Filter>Header Files</Filter>
    </ClInclude>
    <ClInclude Include="tickle.h">
      <Filter>Header Files</Filter>
    </ClInclude>
  </ItemGroup>
  <ItemGroup>
    <CustomBuild Include="tickleProcs.h">
      <Filter>Header Files</Filter>
    </CustomBuild>
    <CustomBuild Include="scripts\account.tcl">
      <Filter>Scripts</Filter>
    </CustomBuild>
    <CustomBuild Include="scripts\vhost.tcl">
      <Filter>Scripts</Filter>
    </CustomBuild>
    <CustomBuild Include="scripts\variables.tcl">
      <Filter>Scripts</Filter>
    </CustomBuild>
    <CustomBuild Include="scripts\usys.tcl">
      <Filter>Scripts</Filter>
    </CustomBuild>
    <CustomBuild Include="scripts\timers.tcl">
      <Filter>Scripts</Filter>
    </CustomBuild>
    <CustomBuild Include="scripts\telnetclient.tcl">
      <Filter>Scripts</Filter>
    </CustomBuild>
    <CustomBuild Include="scripts\telnet.tcl">
      <Filter>Scripts</Filter>
    </CustomBuild>
    <CustomBuild Include="scripts\tcl.tcl">
      <Filter>Scripts</Filter>
    </CustomBuild>
    <CustomBuild Include="scripts\stubs.tcl">
      <Filter>Scripts</Filter>
    </CustomBuild>
    <CustomBuild Include="scripts\socket.tcl">
      <Filter>Scripts</Filter>
    </CustomBuild>
    <CustomBuild Include="scripts\sbnc.tcl.dist">
      <Filter>Scripts</Filter>
    </CustomBuild>
    <CustomBuild Include="scripts\qauth.tcl">
      <Filter>Scripts</Filter>
    </CustomBuild>
    <CustomBuild Include="scripts\pushmode.tcl">
      <Filter>Scripts</Filter>
    </CustomBuild>
    <CustomBuild Include="scripts\partyline.tcl">
      <Filter>Scripts</Filter>
    </CustomBuild>
    <CustomBuild Include="scripts\namespace.tcl">
      <Filter>Scripts</Filter>
    </CustomBuild>
    <CustomBuild Include="scripts\misc.tcl">
      <Filter>Scripts</Filter>
    </CustomBuild>
    <CustomBuild Include="scripts\lock.tcl">
      <Filter>Scripts</Filter>
    </CustomBuild>
    <CustomBuild Include="scripts\itype.tcl">
      <Filter>Scripts</Filter>
    </CustomBuild>
    <CustomBuild Include="scripts\ifacecmds.tcl">
      <Filter>Scripts</Filter>
    </CustomBuild>
    <CustomBuild Include="scripts\iface2.tcl">
      <Filter>Scripts</Filter>
    </CustomBuild>
    <CustomBuild Include="scripts\iface.tcl">
      <Filter>Scripts</Filter>
    </CustomBuild>
    <CustomBuild Include="scripts\defaultsettings.tcl">
      <Filter>Scripts</Filter>
    </CustomBuild>
    <CustomBuild Include="scripts\contact.tcl">
      <Filter>Scripts</Filter>
    </CustomBuild>
    <CustomBuild Include="scripts\channel.tcl">
      <Filter>Scripts</Filter>
    </CustomBuild>
    <CustomBuild Include="scripts\botnet.tcl">
      <Filter>Scripts</Filter>
    </CustomBuild>
    <CustomBuild Include="scripts\bind.tcl">
      <Filter>Scripts</Filter>
    </CustomBuild>
    <CustomBuild Include="scripts\auth.tcl">
      <Filter>Scripts</Filter>
    </CustomBuild>
    <CustomBuild Include="scripts\alltools.tcl">
      <Filter>Scripts</Filter>
    </CustomBuild>
    <CustomBuild Include="scripts\virtual.tcl">
      <Filter>Scripts</Filter>
    </CustomBuild>
  </ItemGroup>
  <ItemGroup>
    <None Include="commands.txt" />
  </ItemGroup>
</Project>